
Microsoft Visual Studio Solution File, Format Version 12.00
# Visual Studio Version 17
VisualStudioVersion = 17.14.36616.10
MinimumVisualStudioVersion = 10.0.40219.1
Project("{FAE04EC0-301F-11D3-BF4B-00C04F79EFBC}") = "BetterDrag", "BetterDrag.csproj", "{616DB4A3-40AC-1322-1A56-6C2C1AEFE128}"
EndProject
Global
	GlobalSection(SolutionConfigurationPlatforms) = preSolution
		Debug|Any CPU = Debug|Any CPU
		Profile|Any CPU = Profile|Any CPU
		Release|Any CPU = Release|Any CPU
	EndGlobalSection
	GlobalSection(ProjectConfigurationPlatforms) = postSolution
		{616DB4A3-40AC-1322-1A56-6C2C1AEFE128}.Debug|Any CPU.ActiveCfg = Debug|Any CPU
		{616DB4A3-40AC-1322-1A56-6C2C1AEFE128}.Debug|Any CPU.Build.0 = Debug|Any CPU
		{616DB4A3-40AC-1322-1A56-6C2C1AEFE128}.Profile|Any CPU.ActiveCfg = Profile|Any CPU
		{616DB4A3-40AC-1322-1A56-6C2C1AEFE128}.Profile|Any CPU.Build.0 = Profile|Any CPU
		{616DB4A3-40AC-1322-1A56-6C2C1AEFE128}.Release|Any CPU.ActiveCfg = Release|Any CPU
		{616DB4A3-40AC-1322-1A56-6C2C1AEFE128}.Release|Any CPU.Build.0 = Release|Any CPU
	EndGlobalSection
	GlobalSection(SolutionProperties) = preSolution
		HideSolutionNode = FALSE
	EndGlobalSection
	GlobalSection(ExtensibilityGlobals) = postSolution
		SolutionGuid = {CBA168D2-712F-43D9-9A2C-6E22C5101C0B}
	EndGlobalSection
EndGlobal
